
Microsoft Visual Studio Solution File, Format Version 12.00
# Visual Studio Version 16
VisualStudioVersion = 16.0.29613.14
MinimumVisualStudioVersion = 10.0.40219.1
Project("{FAE04EC0-301F-11D3-BF4B-00C04F79EFBC}") = "Windows Terminal Customizer", "Windows Terminal Customizer\Windows Terminal Customizer.csproj", "{A70C5CA4-F1A4-41B2-9A93-854F07DDF8AE}"
EndProject
Project("{54435603-DBB4-11D2-8724-00A0C9A8B90C}") = "Windows Terminal Customizer Setup", "Windows Terminal Customizer Setup\Windows Terminal Customizer Setup.vdproj", "{DB176917-A7EA-4BA3-97CF-C803384004B1}"
EndProject
Global
	GlobalSection(SolutionConfigurationPlatforms) = preSolution
		Debug|Any CPU = Debug|Any CPU
		Release|Any CPU = Release|Any CPU
	EndGlobalSection
	GlobalSection(ProjectConfigurationPlatforms) = postSolution
		{A70C5CA4-F1A4-41B2-9A93-854F07DDF8AE}.Debug|Any CPU.ActiveCfg = Debug|Any CPU
		{A70C5CA4-F1A4-41B2-9A93-854F07DDF8AE}.Debug|Any CPU.Build.0 = Debug|Any CPU
		{A70C5CA4-F1A4-41B2-9A93-854F07DDF8AE}.Release|Any CPU.ActiveCfg = Release|Any CPU
		{A70C5CA4-F1A4-41B2-9A93-854F07DDF8AE}.Release|Any CPU.Build.0 = Release|Any CPU
		{DB176917-A7EA-4BA3-97CF-C803384004B1}.Debug|Any CPU.ActiveCfg = Debug
		{DB176917-A7EA-4BA3-97CF-C803384004B1}.Release|Any CPU.ActiveCfg = Release
	EndGlobalSection
	GlobalSection(SolutionProperties) = preSolution
		HideSolutionNode = FALSE
	EndGlobalSection
	GlobalSection(ExtensibilityGlobals) = postSolution
		SolutionGuid = {FEC75A51-1EEA-4A8D-A917-553C0C0744D3}
	EndGlobalSection
EndGlobal
